{
  "pins" : [
    {
      "identity" : "nuke",
      "kind" : "remoteSourceControl",
      "location" : "https://github.com/kean/Nuke",
      "state" : {
        "revision" : "f4d9b95788679d0654c032961f73e7e9c16ca6b4",
        "version" : "12.1.0"
      }
    },
    {
      "identity" : "testablecombinepublishers",
      "kind" : "remoteSourceControl",
      "location" : "https://github.com/albertbori/TestableCombinePublishers",
      "state" : {
        "revision" : "38d345b6097171afa226d96ff3e213bd139c1c8c",
        "version" : "1.2.0"
      }
    },
    {
      "identity" : "viewinspector",
      "kind" : "remoteSourceControl",
      "location" : "https://github.com/markgravity/ViewInspector",
      "state" : {
        "branch" : "main",
        "revision" : "82e66c94fac475b3d723e7f27642c1816cb3394d"
      }
    }
  ],
  "version" : 2
}
