{
  "pins" : [
    {
      "identity" : "testablecombinepublishers",
      "kind" : "remoteSourceControl",
      "location" : "https://github.com/albertbori/TestableCombinePublishers",
      "state" : {
        "revision" : "38d345b6097171afa226d96ff3e213bd139c1c8c",
        "version" : "1.2.0"
      }
    }
  ],
  "version" : 2
}
